// !$*UTF8*$!
{
	archiveVersion = 1;
	classes = {
	};
	objectVersion = 56;
	objects = {

/* Begin PBXBuildFile section */
		84DE3DF429424E5C00199C48 /* AppDelegate.swift in Sources */ = {isa = PBXBuildFile; fileRef = 84DE3DF329424E5C00199C48 /* AppDelegate.swift */; };
		84DE3DF629424E5C00199C48 /* SceneDelegate.swift in Sources */ = {isa = PBXBuildFile; fileRef = 84DE3DF529424E5C00199C48 /* SceneDelegate.swift */; };
		84DE3DF829424E5C00199C48 /* ViewController.swift in Sources */ = {isa = PBXBuildFile; fileRef = 84DE3DF729424E5C00199C48 /* ViewController.swift */; };
		84DE3DFB29424E5C00199C48 /* Main.storyboard in Resources */ = {isa = PBXBuildFile; fileRef = 84DE3DF929424E5C00199C48 /* Main.storyboard */; };
		84DE3DFD29424E5E00199C48 /* Assets.xcassets in Resources */ = {isa = PBXBuildFile; fileRef = 84DE3DFC29424E5E00199C48 /* Assets.xcassets */; };
		84DE3E0029424E5E00199C48 /* LaunchScreen.storyboard in Resources */ = {isa = PBXBuildFile; fileRef = 84DE3DFE29424E5E00199C48 /* LaunchScreen.storyboard */; };
		84DE3E0B29424E5F00199C48 /* IteratorTests.swift in Sources */ = {isa = PBXBuildFile; fileRef = 84DE3E0A29424E5F00199C48 /* IteratorTests.swift */; };
		84DE3E1529424E5F00199C48 /* IteratorUITests.swift in Sources */ = {isa = PBXBuildFile; fileRef = 84DE3E1429424E5F00199C48 /* IteratorUITests.swift */; };
		84DE3E1729424E5F00199C48 /* IteratorUITestsLaunchTests.swift in Sources */ = {isa = PBXBuildFile; fileRef = 84DE3E1629424E5F00199C48 /* IteratorUITestsLaunchTests.swift */; };
/* End PBXBuildFile section */

/* Begin PBXContainerItemProxy section */
		84DE3E0729424E5F00199C48 /* PBXContainerItemProxy */ = {
			isa = PBXContainerItemProxy;
			containerPortal = 84DE3DE829424E5B00199C48 /* Project object */;
			proxyType = 1;
			remoteGlobalIDString = 84DE3DEF29424E5C00199C48;
			remoteInfo = Iterator;
		};
		84DE3E1129424E5F00199C48 /* PBXContainerItemProxy */ = {
			isa = PBXContainerItemProxy;
			containerPortal = 84DE3DE829424E5B00199C48 /* Project object */;
			proxyType = 1;
			remoteGlobalIDString = 84DE3DEF29424E5C00199C48;
			remoteInfo = Iterator;
		};
/* End PBXContainerItemProxy section */

/* Begin PBXFileReference section */
		84DE3DF029424E5C00199C48 /* Iterator.app */ = {isa = PBXFileReference; explicitFileType = wrapper.application; includeInIndex = 0; path = Iterator.app; sourceTree = BUILT_PRODUCTS_DIR; };
		84DE3DF329424E5C00199C48 /* AppDelegate.swift */ = {isa = PBXFileReference; lastKnownFileType = sourcecode.swift; path = AppDelegate.swift; sourceTree = "<group>"; };
		84DE3DF529424E5C00199C48 /* SceneDelegate.swift */ = {isa = PBXFileReference; lastKnownFileType = sourcecode.swift; path = SceneDelegate.swift; sourceTree = "<group>"; };
		84DE3DF729424E5C00199C48 /* ViewController.swift */ = {isa = PBXFileReference; lastKnownFileType = sourcecode.swift; path = ViewController.swift; sourceTree = "<group>"; };
		84DE3DFA29424E5C00199C48 /* Base */ = {isa = PBXFileReference; lastKnownFileType = file.storyboard; name = Base; path = Base.lproj/Main.storyboard; sourceTree = "<group>"; };
		84DE3DFC29424E5E00199C48 /* Assets.xcassets */ = {isa = PBXFileReference; lastKnownFileType = folder.assetcatalog; path = Assets.xcassets; sourceTree = "<group>"; };
		84DE3DFF29424E5E00199C48 /* Base */ = {isa = PBXFileReference; lastKnownFileType = file.storyboard; name = Base; path = Base.lproj/LaunchScreen.storyboard; sourceTree = "<group>"; };
		84DE3E0129424E5E00199C48 /* Info.plist */ = {isa = PBXFileReference; lastKnownFileType = text.plist.xml; path = Info.plist; sourceTree = "<group>"; };
		84DE3E0629424E5F00199C48 /* IteratorTests.xctest */ = {isa = PBXFileReference; explicitFileType = wrapper.cfbundle; includeInIndex = 0; path = IteratorTests.xctest; sourceTree = BUILT_PRODUCTS_DIR; };
		84DE3E0A29424E5F00199C48 /* IteratorTests.swift */ = {isa = PBXFileReference; lastKnownFileType = sourcecode.swift; path = IteratorTests.swift; sourceTree = "<group>"; };
		84DE3E1029424E5F00199C48 /* IteratorUITests.xctest */ = {isa = PBXFileReference; explicitFileType = wrapper.cfbundle; includeInIndex = 0; path = IteratorUITests.xctest; sourceTree = BUILT_PRODUCTS_DIR; };
		84DE3E1429424E5F00199C48 /* IteratorUITests.swift */ = {isa = PBXFileReference; lastKnownFileType = sourcecode.swift; path = IteratorUITests.swift; sourceTree = "<group>"; };
		84DE3E1629424E5F00199C48 /* IteratorUITestsLaunchTests.swift */ = {isa = PBXFileReference; lastKnownFileType = sourcecode.swift; path = IteratorUITestsLaunchTests.swift; sourceTree = "<group>"; };
/* End PBXFileReference section */

/* Begin PBXFrameworksBuildPhase section */
		84DE3DED29424E5C00199C48 /* Frameworks */ = {
			isa = PBXFrameworksBuildPhase;
			buildActionMask = 2147483647;
			files = (
			);
			runOnlyForDeploymentPostprocessing = 0;
		};
		84DE3E0329424E5F00199C48 /* Frameworks */ = {
			isa = PBXFrameworksBuildPhase;
			buildActionMask = 2147483647;
			files = (
			);
			runOnlyForDeploymentPostprocessing = 0;
		};
		84DE3E0D29424E5F00199C48 /* Frameworks */ = {
			isa = PBXFrameworksBuildPhase;
			buildActionMask = 2147483647;
			files = (
			);
			runOnlyForDeploymentPostprocessing = 0;
		};
/* End PBXFrameworksBuildPhase section */

/* Begin PBXGroup section */
		84DE3DE729424E5B00199C48 = {
			isa = PBXGroup;
			children = (
				84DE3DF229424E5C00199C48 /* Iterator */,
				84DE3E0929424E5F00199C48 /* IteratorTests */,
				84DE3E1329424E5F00199C48 /* IteratorUITests */,
				84DE3DF129424E5C00199C48 /* Products */,
			);
			sourceTree = "<group>";
		};
		84DE3DF129424E5C00199C48 /* Products */ = {
			isa = PBXGroup;
			children = (
				84DE3DF029424E5C00199C48 /* Iterator.app */,
				84DE3E0629424E5F00199C48 /* IteratorTests.xctest */,
				84DE3E1029424E5F00199C48 /* IteratorUITests.xctest */,
			);
			name = Products;
			sourceTree = "<group>";
		};
		84DE3DF229424E5C00199C48 /* Iterator */ = {
			isa = PBXGroup;
			children = (
				84DE3DF329424E5C00199C48 /* AppDelegate.swift */,
				84DE3DF529424E5C00199C48 /* SceneDelegate.swift */,
				84DE3DF729424E5C00199C48 /* ViewController.swift */,
				84DE3DF929424E5C00199C48 /* Main.storyboard */,
				84DE3DFC29424E5E00199C48 /* Assets.xcassets */,
				84DE3DFE29424E5E00199C48 /* LaunchScreen.storyboard */,
				84DE3E0129424E5E00199C48 /* Info.plist */,
			);
			path = Iterator;
			sourceTree = "<group>";
		};
		84DE3E0929424E5F00199C48 /* IteratorTests */ = {
			isa = PBXGroup;
			children = (
				84DE3E0A29424E5F00199C48 /* IteratorTests.swift */,
			);
			path = IteratorTests;
			sourceTree = "<group>";
		};
		84DE3E1329424E5F00199C48 /* IteratorUITests */ = {
			isa = PBXGroup;
			children = (
				84DE3E1429424E5F00199C48 /* IteratorUITests.swift */,
				84DE3E1629424E5F00199C48 /* IteratorUITestsLaunchTests.swift */,
			);
			path = IteratorUITests;
			sourceTree = "<group>";
		};
/* End PBXGroup section */

/* Begin PBXNativeTarget section */
		84DE3DEF29424E5C00199C48 /* Iterator */ = {
			isa = PBXNativeTarget;
			buildConfigurationList = 84DE3E1A29424E5F00199C48 /* Build configuration list for PBXNativeTarget "Iterator" */;
			buildPhases = (
				84DE3DEC29424E5C00199C48 /* Sources */,
				84DE3DED29424E5C00199C48 /* Frameworks */,
				84DE3DEE29424E5C00199C48 /* Resources */,
			);
			buildRules = (
			);
			dependencies = (
			);
			name = Iterator;
			productName = Iterator;
			productReference = 84DE3DF029424E5C00199C48 /* Iterator.app */;
			productType = "com.apple.product-type.application";
		};
		84DE3E0529424E5F00199C48 /* IteratorTests */ = {
			isa = PBXNativeTarget;
			buildConfigurationList = 84DE3E1D29424E5F00199C48 /* Build configuration list for PBXNativeTarget "IteratorTests" */;
			buildPhases = (
				84DE3E0229424E5F00199C48 /* Sources */,
				84DE3E0329424E5F00199C48 /* Frameworks */,
				84DE3E0429424E5F00199C48 /* Resources */,
			);
			buildRules = (
			);
			dependencies = (
				84DE3E0829424E5F00199C48 /* PBXTargetDependency */,
			);
			name = IteratorTests;
			productName = IteratorTests;
			productReference = 84DE3E0629424E5F00199C48 /* IteratorTests.xctest */;
			productType = "com.apple.product-type.bundle.unit-test";
		};
		84DE3E0F29424E5F00199C48 /* IteratorUITests */ = {
			isa = PBXNativeTarget;
			buildConfigurationList = 84DE3E2029424E5F00199C48 /* Build configuration list for PBXNativeTarget "IteratorUITests" */;
			buildPhases = (
				84DE3E0C29424E5F00199C48 /* Sources */,
				84DE3E0D29424E5F00199C48 /* Frameworks */,
				84DE3E0E29424E5F00199C48 /* Resources */,
			);
			buildRules = (
			);
			dependencies = (
				84DE3E1229424E5F00199C48 /* PBXTargetDependency */,
			);
			name = IteratorUITests;
			productName = IteratorUITests;
			productReference = 84DE3E1029424E5F00199C48 /* IteratorUITests.xctest */;
			productType = "com.apple.product-type.bundle.ui-testing";
		};
/* End PBXNativeTarget section */

/* Begin PBXProject section */
		84DE3DE829424E5B00199C48 /* Project object */ = {
			isa = PBXProject;
			attributes = {
				BuildIndependentTargetsInParallel = 1;
				LastSwiftUpdateCheck = 1400;
				LastUpgradeCheck = 1400;
				TargetAttributes = {
					84DE3DEF29424E5C00199C48 = {
						CreatedOnToolsVersion = 14.0.1;
					};
					84DE3E0529424E5F00199C48 = {
						CreatedOnToolsVersion = 14.0.1;
						TestTargetID = 84DE3DEF29424E5C00199C48;
					};
					84DE3E0F29424E5F00199C48 = {
						CreatedOnToolsVersion = 14.0.1;
						TestTargetID = 84DE3DEF29424E5C00199C48;
					};
				};
			};
			buildConfigurationList = 84DE3DEB29424E5C00199C48 /* Build configuration list for PBXProject "Iterator" */;
			compatibilityVersion = "Xcode 14.0";
			developmentRegion = en;
			hasScannedForEncodings = 0;
			knownRegions = (
				en,
				Base,
			);
			mainGroup = 84DE3DE729424E5B00199C48;
			productRefGroup = 84DE3DF129424E5C00199C48 /* Products */;
			projectDirPath = "";
			projectRoot = "";
			targets = (
				84DE3DEF29424E5C00199C48 /* Iterator */,
				84DE3E0529424E5F00199C48 /* IteratorTests */,
				84DE3E0F29424E5F00199C48 /* IteratorUITests */,
			);
		};
/* End PBXProject section */

/* Begin PBXResourcesBuildPhase section */
		84DE3DEE29424E5C00199C48 /* Resources */ = {
			isa = PBXResourcesBuildPhase;
			buildActionMask = 2147483647;
			files = (
				84DE3E0029424E5E00199C48 /* LaunchScreen.storyboard in Resources */,
				84DE3DFD29424E5E00199C48 /* Assets.xcassets in Resources */,
				84DE3DFB29424E5C00199C48 /* Main.storyboard in Resources */,
			);
			runOnlyForDeploymentPostprocessing = 0;
		};
		84DE3E0429424E5F00199C48 /* Resources */ = {
			isa = PBXResourcesBuildPhase;
			buildActionMask = 2147483647;
			files = (
			);
			runOnlyForDeploymentPostprocessing = 0;
		};
		84DE3E0E29424E5F00199C48 /* Resources */ = {
			isa = PBXResourcesBuildPhase;
			buildActionMask = 2147483647;
			files = (
			);
			runOnlyForDeploymentPostprocessing = 0;
		};
/* End PBXResourcesBuildPhase section */

/* Begin PBXSourcesBuildPhase section */
		84DE3DEC29424E5C00199C48 /* Sources */ = {
			isa = PBXSourcesBuildPhase;
			buildActionMask = 2147483647;
			files = (
				84DE3DF829424E5C00199C48 /* ViewController.swift in Sources */,
				84DE3DF429424E5C00199C48 /* AppDelegate.swift in Sources */,
				84DE3DF629424E5C00199C48 /* SceneDelegate.swift in Sources */,
			);
			runOnlyForDeploymentPostprocessing = 0;
		};
		84DE3E0229424E5F00199C48 /* Sources */ = {
			isa = PBXSourcesBuildPhase;
			buildActionMask = 2147483647;
			files = (
				84DE3E0B29424E5F00199C48 /* IteratorTests.swift in Sources */,
			);
			runOnlyForDeploymentPostprocessing = 0;
		};
		84DE3E0C29424E5F00199C48 /* Sources */ = {
			isa = PBXSourcesBuildPhase;
			buildActionMask = 2147483647;
			files = (
				84DE3E1729424E5F00199C48 /* IteratorUITestsLaunchTests.swift in Sources */,
				84DE3E1529424E5F00199C48 /* IteratorUITests.swift in Sources */,
			);
			runOnlyForDeploymentPostprocessing = 0;
		};
/* End PBXSourcesBuildPhase section */

/* Begin PBXTargetDependency section */
		84DE3E0829424E5F00199C48 /* PBXTargetDependency */ = {
			isa = PBXTargetDependency;
			target = 84DE3DEF29424E5C00199C48 /* Iterator */;
			targetProxy = 84DE3E0729424E5F00199C48 /* PBXContainerItemProxy */;
		};
		84DE3E1229424E5F00199C48 /* PBXTargetDependency */ = {
			isa = PBXTargetDependency;
			target = 84DE3DEF29424E5C00199C48 /* Iterator */;
			targetProxy = 84DE3E1129424E5F00199C48 /* PBXContainerItemProxy */;
		};
/* End PBXTargetDependency section */

/* Begin PBXVariantGroup section */
		84DE3DF929424E5C00199C48 /* Main.storyboard */ = {
			isa = PBXVariantGroup;
			children = (
				84DE3DFA29424E5C00199C48 /* Base */,
			);
			name = Main.storyboard;
			sourceTree = "<group>";
		};
		84DE3DFE29424E5E00199C48 /* LaunchScreen.storyboard */ = {
			isa = PBXVariantGroup;
			children = (
				84DE3DFF29424E5E00199C48 /* Base */,
			);
			name = LaunchScreen.storyboard;
			sourceTree = "<group>";
		};
/* End PBXVariantGroup section */

/* Begin XCBuildConfiguration section */
		84DE3E1829424E5F00199C48 /* Debug */ = {
			isa = XCBuildConfiguration;
			buildSettings = {
				ALWAYS_SEARCH_USER_PATHS = NO;
				CLANG_ANALYZER_NONNULL = YES;
				CLANG_ANALYZER_NUMBER_OBJECT_CONVERSION = YES_AGGRESSIVE;
				CLANG_CXX_LANGUAGE_STANDARD = "gnu++20";
				CLANG_ENABLE_MODULES = YES;
				CLANG_ENABLE_OBJC_ARC = YES;
				CLANG_ENABLE_OBJC_WEAK = YES;
				CLANG_WARN_BLOCK_CAPTURE_AUTORELEASING = YES;
				CLANG_WARN_BOOL_CONVERSION = YES;
				CLANG_WARN_COMMA = YES;
				CLANG_WARN_CONSTANT_CONVERSION = YES;
				CLANG_WARN_DEPRECATED_OBJC_IMPLEMENTATIONS = YES;
				CLANG_WARN_DIRECT_OBJC_ISA_USAGE = YES_ERROR;
				CLANG_WARN_DOCUMENTATION_COMMENTS = YES;
				CLANG_WARN_EMPTY_BODY = YES;
				CLANG_WARN_ENUM_CONVERSION = YES;
				CLANG_WARN_INFINITE_RECURSION = YES;
				CLANG_WARN_INT_CONVERSION = YES;
				CLANG_WARN_NON_LITERAL_NULL_CONVERSION = YES;
				CLANG_WARN_OBJC_IMPLICIT_RETAIN_SELF = YES;
				CLANG_WARN_OBJC_LITERAL_CONVERSION = YES;
				CLANG_WARN_OBJC_ROOT_CLASS = YES_ERROR;
				CLANG_WARN_QUOTED_INCLUDE_IN_FRAMEWORK_HEADER = YES;
				CLANG_WARN_RANGE_LOOP_ANALYSIS = YES;
				CLANG_WARN_STRICT_PROTOTYPES = YES;
				CLANG_WARN_SUSPICIOUS_MOVE = YES;
				CLANG_WARN_UNGUARDED_AVAILABILITY = YES_AGGRESSIVE;
				CLANG_WARN_UNREACHABLE_CODE = YES;
				CLANG_WARN__DUPLICATE_METHOD_MATCH = YES;
				COPY_PHASE_STRIP = NO;
				DEBUG_INFORMATION_FORMAT = dwarf;
				ENABLE_STRICT_OBJC_MSGSEND = YES;
				ENABLE_TESTABILITY = YES;
				GCC_C_LANGUAGE_STANDARD = gnu11;
				GCC_DYNAMIC_NO_PIC = NO;
				GCC_NO_COMMON_BLOCKS = YES;
				GCC_OPTIMIZATION_LEVEL = 0;
				GCC_PREPROCESSOR_DEFINITIONS = (
					"DEBUG=1",
					"$(inherited)",
				);
				GCC_WARN_64_TO_32_BIT_CONVERSION = YES;
				GCC_WARN_ABOUT_RETURN_TYPE = YES_ERROR;
				GCC_WARN_UNDECLARED_SELECTOR = YES;
				GCC_WARN_UNINITIALIZED_AUTOS = YES_AGGRESSIVE;
				GCC_WARN_UNUSED_FUNCTION = YES;
				GCC_WARN_UNUSED_VARIABLE = YES;
				IPHONEOS_DEPLOYMENT_TARGET = 16.0;
				MTL_ENABLE_DEBUG_INFO = INCLUDE_SOURCE;
				MTL_FAST_MATH = YES;
				ONLY_ACTIVE_ARCH = YES;
				SDKROOT = iphoneos;
				SWIFT_ACTIVE_COMPILATION_CONDITIONS = DEBUG;
				SWIFT_OPTIMIZATION_LEVEL = "-Onone";
			};
			name = Debug;
		};
		84DE3E1929424E5F00199C48 /* Release */ = {
			isa = XCBuildConfiguration;
			buildSettings = {
				ALWAYS_SEARCH_USER_PATHS = NO;
				CLANG_ANALYZER_NONNULL = YES;
				CLANG_ANALYZER_NUMBER_OBJECT_CONVERSION = YES_AGGRESSIVE;
				CLANG_CXX_LANGUAGE_STANDARD = "gnu++20";
				CLANG_ENABLE_MODULES = YES;
				CLANG_ENABLE_OBJC_ARC = YES;
				CLANG_ENABLE_OBJC_WEAK = YES;
				CLANG_WARN_BLOCK_CAPTURE_AUTORELEASING = YES;
				CLANG_WARN_BOOL_CONVERSION = YES;
				CLANG_WARN_COMMA = YES;
				CLANG_WARN_CONSTANT_CONVERSION = YES;
				CLANG_WARN_DEPRECATED_OBJC_IMPLEMENTATIONS = YES;
				CLANG_WARN_DIRECT_OBJC_ISA_USAGE = YES_ERROR;
				CLANG_WARN_DOCUMENTATION_COMMENTS = YES;
				CLANG_WARN_EMPTY_BODY = YES;
				CLANG_WARN_ENUM_CONVERSION = YES;
				CLANG_WARN_INFINITE_RECURSION = YES;
				CLANG_WARN_INT_CONVERSION = YES;
				CLANG_WARN_NON_LITERAL_NULL_CONVERSION = YES;
				CLANG_WARN_OBJC_IMPLICIT_RETAIN_SELF = YES;
				CLANG_WARN_OBJC_LITERAL_CONVERSION = YES;
				CLANG_WARN_OBJC_ROOT_CLASS = YES_ERROR;
				CLANG_WARN_QUOTED_INCLUDE_IN_FRAMEWORK_HEADER = YES;
				CLANG_WARN_RANGE_LOOP_ANALYSIS = YES;
				CLANG_WARN_STRICT_PROTOTYPES = YES;
				CLANG_WARN_SUSPICIOUS_MOVE = YES;
				CLANG_WARN_UNGUARDED_AVAILABILITY = YES_AGGRESSIVE;
				CLANG_WARN_UNREACHABLE_CODE = YES;
				CLANG_WARN__DUPLICATE_METHOD_MATCH = YES;
				COPY_PHASE_STRIP = NO;
				DEBUG_INFORMATION_FORMAT = "dwarf-with-dsym";
				ENABLE_NS_ASSERTIONS = NO;
				ENABLE_STRICT_OBJC_MSGSEND = YES;
				GCC_C_LANGUAGE_STANDARD = gnu11;
				GCC_NO_COMMON_BLOCKS = YES;
				GCC_WARN_64_TO_32_BIT_CONVERSION = YES;
				GCC_WARN_ABOUT_RETURN_TYPE = YES_ERROR;
				GCC_WARN_UNDECLARED_SELECTOR = YES;
				GCC_WARN_UNINITIALIZED_AUTOS = YES_AGGRESSIVE;
				GCC_WARN_UNUSED_FUNCTION = YES;
				GCC_WARN_UNUSED_VARIABLE = YES;
				IPHONEOS_DEPLOYMENT_TARGET = 16.0;
				MTL_ENABLE_DEBUG_INFO = NO;
				MTL_FAST_MATH = YES;
				SDKROOT = iphoneos;
				SWIFT_COMPILATION_MODE = wholemodule;
				SWIFT_OPTIMIZATION_LEVEL = "-O";
				VALIDATE_PRODUCT = YES;
			};
			name = Release;
		};
		84DE3E1B29424E5F00199C48 /* Debug */ = {
			isa = XCBuildConfiguration;
			buildSettings = {
				ASSETCATALOG_COMPILER_APPICON_NAME = AppIcon;
				ASSETCATALOG_COMPILER_GLOBAL_ACCENT_COLOR_NAME = AccentColor;
				CODE_SIGN_STYLE = Automatic;
				CURRENT_PROJECT_VERSION = 1;
				DEVELOPMENT_TEAM = N4M3759P9C;
				GENERATE_INFOPLIST_FILE = YES;
				INFOPLIST_FILE = Iterator/Info.plist;
				INFOPLIST_KEY_UIApplicationSupportsIndirectInputEvents = YES;
				INFOPLIST_KEY_UILaunchStoryboardName = LaunchScreen;
				INFOPLIST_KEY_UIMainStoryboardFile = Main;
				INFOPLIST_KEY_UISupportedInterfaceOrientations_iPad = "UIInterfaceOrientationPortrait UIInterfaceOrientationPortraitUpsideDown UIInterfaceOrientationLandscapeLeft UIInterfaceOrientationLandscapeRight";
				INFOPLIST_KEY_UISupportedInterfaceOrientations_iPhone = "UIInterfaceOrientationPortrait UIInterfaceOrientationLandscapeLeft UIInterfaceOrientationLandscapeRight";
				LD_RUNPATH_SEARCH_PATHS = (
					"$(inherited)",
					"@executable_path/Frameworks",
				);
				MARKETING_VERSION = 1.0;
				PRODUCT_BUNDLE_IDENTIFIER = com.Iterator;
				PRODUCT_NAME = "$(TARGET_NAME)";
				SWIFT_EMIT_LOC_STRINGS = YES;
				SWIFT_VERSION = 5.0;
				TARGETED_DEVICE_FAMILY = "1,2";
			};
			name = Debug;
		};
		84DE3E1C29424E5F00199C48 /* Release */ = {
			isa = XCBuildConfiguration;
			buildSettings = {
				ASSETCATALOG_COMPILER_APPICON_NAME = AppIcon;
				ASSETCATALOG_COMPILER_GLOBAL_ACCENT_COLOR_NAME = AccentColor;
				CODE_SIGN_STYLE = Automatic;
				CURRENT_PROJECT_VERSION = 1;
				DEVELOPMENT_TEAM = N4M3759P9C;
				GENERATE_INFOPLIST_FILE = YES;
				INFOPLIST_FILE = Iterator/Info.plist;
				INFOPLIST_KEY_UIApplicationSupportsIndirectInputEvents = YES;
				INFOPLIST_KEY_UILaunchStoryboardName = LaunchScreen;
				INFOPLIST_KEY_UIMainStoryboardFile = Main;
				INFOPLIST_KEY_UISupportedInterfaceOrientations_iPad = "UIInterfaceOrientationPortrait UIInterfaceOrientationPortraitUpsideDown UIInterfaceOrientationLandscapeLeft UIInterfaceOrientationLandscapeRight";
				INFOPLIST_KEY_UISupportedInterfaceOrientations_iPhone = "UIInterfaceOrientationPortrait UIInterfaceOrientationLandscapeLeft UIInterfaceOrientationLandscapeRight";
				LD_RUNPATH_SEARCH_PATHS = (
					"$(inherited)",
					"@executable_path/Frameworks",
				);
				MARKETING_VERSION = 1.0;
				PRODUCT_BUNDLE_IDENTIFIER = com.Iterator;
				PRODUCT_NAME = "$(TARGET_NAME)";
				SWIFT_EMIT_LOC_STRINGS = YES;
				SWIFT_VERSION = 5.0;
				TARGETED_DEVICE_FAMILY = "1,2";
			};
			name = Release;
		};
		84DE3E1E29424E5F00199C48 /* Debug */ = {
			isa = XCBuildConfiguration;
			buildSettings = {
				ALWAYS_EMBED_SWIFT_STANDARD_LIBRARIES = YES;
				BUNDLE_LOADER = "$(TEST_HOST)";
				CODE_SIGN_STYLE = Automatic;
				CURRENT_PROJECT_VERSION = 1;
				DEVELOPMENT_TEAM = N4M3759P9C;
				GENERATE_INFOPLIST_FILE = YES;
				IPHONEOS_DEPLOYMENT_TARGET = 16.0;
				MARKETING_VERSION = 1.0;
				PRODUCT_BUNDLE_IDENTIFIER = com.IteratorTests;
				PRODUCT_NAME = "$(TARGET_NAME)";
				SWIFT_EMIT_LOC_STRINGS = NO;
				SWIFT_VERSION = 5.0;
				TARGETED_DEVICE_FAMILY = "1,2";
				TEST_HOST = "$(BUILT_PRODUCTS_DIR)/Iterator.app/$(BUNDLE_EXECUTABLE_FOLDER_PATH)/Iterator";
			};
			name = Debug;
		};
		84DE3E1F29424E5F00199C48 /* Release */ = {
			isa = XCBuildConfiguration;
			buildSettings = {
				ALWAYS_EMBED_SWIFT_STANDARD_LIBRARIES = YES;
				BUNDLE_LOADER = "$(TEST_HOST)";
				CODE_SIGN_STYLE = Automatic;
				CURRENT_PROJECT_VERSION = 1;
				DEVELOPMENT_TEAM = N4M3759P9C;
				GENERATE_INFOPLIST_FILE = YES;
				IPHONEOS_DEPLOYMENT_TARGET = 16.0;
				MARKETING_VERSION = 1.0;
				PRODUCT_BUNDLE_IDENTIFIER = com.IteratorTests;
				PRODUCT_NAME = "$(TARGET_NAME)";
				SWIFT_EMIT_LOC_STRINGS = NO;
				SWIFT_VERSION = 5.0;
				TARGETED_DEVICE_FAMILY = "1,2";
				TEST_HOST = "$(BUILT_PRODUCTS_DIR)/Iterator.app/$(BUNDLE_EXECUTABLE_FOLDER_PATH)/Iterator";
			};
			name = Release;
		};
		84DE3E2129424E5F00199C48 /* Debug */ = {
			isa = XCBuildConfiguration;
			buildSettings = {
				ALWAYS_EMBED_SWIFT_STANDARD_LIBRARIES = YES;
				CODE_SIGN_STYLE = Automatic;
				CURRENT_PROJECT_VERSION = 1;
				DEVELOPMENT_TEAM = N4M3759P9C;
				GENERATE_INFOPLIST_FILE = YES;
				MARKETING_VERSION = 1.0;
				PRODUCT_BUNDLE_IDENTIFIER = com.IteratorUITests;
				PRODUCT_NAME = "$(TARGET_NAME)";
				SWIFT_EMIT_LOC_STRINGS = NO;
				SWIFT_VERSION = 5.0;
				TARGETED_DEVICE_FAMILY = "1,2";
				TEST_TARGET_NAME = Iterator;
			};
			name = Debug;
		};
		84DE3E2229424E5F00199C48 /* Release */ = {
			isa = XCBuildConfiguration;
			buildSettings = {
				ALWAYS_EMBED_SWIFT_STANDARD_LIBRARIES = YES;
				CODE_SIGN_STYLE = Automatic;
				CURRENT_PROJECT_VERSION = 1;
				DEVELOPMENT_TEAM = N4M3759P9C;
				GENERATE_INFOPLIST_FILE = YES;
				MARKETING_VERSION = 1.0;
				PRODUCT_BUNDLE_IDENTIFIER = com.IteratorUITests;
				PRODUCT_NAME = "$(TARGET_NAME)";
				SWIFT_EMIT_LOC_STRINGS = NO;
				SWIFT_VERSION = 5.0;
				TARGETED_DEVICE_FAMILY = "1,2";
				TEST_TARGET_NAME = Iterator;
			};
			name = Release;
		};
/* End XCBuildConfiguration section */

/* Begin XCConfigurationList section */
		84DE3DEB29424E5C00199C48 /* Build configuration list for PBXProject "Iterator" */ = {
			isa = XCConfigurationList;
			buildConfigurations = (
				84DE3E1829424E5F00199C48 /* Debug */,
				84DE3E1929424E5F00199C48 /* Release */,
			);
			defaultConfigurationIsVisible = 0;
			defaultConfigurationName = Release;
		};
		84DE3E1A29424E5F00199C48 /* Build configuration list for PBXNativeTarget "Iterator" */ = {
			isa = XCConfigurationList;
			buildConfigurations = (
				84DE3E1B29424E5F00199C48 /* Debug */,
				84DE3E1C29424E5F00199C48 /* Release */,
			);
			defaultConfigurationIsVisible = 0;
			defaultConfigurationName = Release;
		};
		84DE3E1D29424E5F00199C48 /* Build configuration list for PBXNativeTarget "IteratorTests" */ = {
			isa = XCConfigurationList;
			buildConfigurations = (
				84DE3E1E29424E5F00199C48 /* Debug */,
				84DE3E1F29424E5F00199C48 /* Release */,
			);
			defaultConfigurationIsVisible = 0;
			defaultConfigurationName = Release;
		};
		84DE3E2029424E5F00199C48 /* Build configuration list for PBXNativeTarget "IteratorUITests" */ = {
			isa = XCConfigurationList;
			buildConfigurations = (
				84DE3E2129424E5F00199C48 /* Debug */,
				84DE3E2229424E5F00199C48 /* Release */,
			);
			defaultConfigurationIsVisible = 0;
			defaultConfigurationName = Release;
		};
/* End XCConfigurationList section */
	};
	rootObject = 84DE3DE829424E5B00199C48 /* Project object */;
}
